{
  "nodes": {
    "den": {
      "locked": {
        "lastModified": 1773446380,
        "narHash": "sha256-Bm+V/HP3OGdmG+NnsgQTi5SEpmouJBVaZESUjBBFEc0=",
        "owner": "vic",
        "repo": "den",
        "rev": "ae6a59acba4e3729dc5055e12003b533aee12aae",
        "type": "github"
      },
      "original": {
        "owner": "vic",
        "repo": "den",
        "type": "github"
      }
    },
    "disko": {
      "inputs": {
        "nixpkgs": [
          "nixpkgs"
        ]
      },
      "locked": {
        "lastModified": 1773506317,
        "narHash": "sha256-qWKbLUJpavIpvOdX1fhHYm0WGerytFHRoh9lVck6Bh0=",
        "owner": "nix-community",
        "repo": "disko",
        "rev": "878ec37d6a8f52c6c801d0e2a2ad554c75b9353c",
        "type": "github"
      },
      "original": {
        "owner": "nix-community",
        "repo": "disko",
        "type": "github"
      }
    },
    "flake-aspects": {
      "locked": {
        "lastModified": 1773339018,
        "narHash": "sha256-sPPriYJpLmukixc6/KBzeOhw83OSodco5YbeayHzAgo=",
        "owner": "vic",
        "repo": "flake-aspects",
        "rev": "b51a00bc0140e7708e421a64f20170a2e8ccae93",
        "type": "github"
      },
      "original": {
        "owner": "vic",
        "repo": "flake-aspects",
        "type": "github"
      }
    },
    "flake-parts": {
      "inputs": {
        "nixpkgs-lib": "nixpkgs-lib"
      },
      "locked": {
        "lastModified": 1772408722,
        "narHash": "sha256-rHuJtdcOjK7rAHpHphUb1iCvgkU3GpfvicLMwwnfMT0=",
        "owner": "hercules-ci",
        "repo": "flake-parts",
        "rev": "f20dc5d9b8027381c474144ecabc9034d6a839a3",
        "type": "github"
      },
      "original": {
        "owner": "hercules-ci",
        "repo": "flake-parts",
        "type": "github"
      }
    },
    "home-manager": {
      "inputs": {
        "nixpkgs": [
          "nixpkgs"
        ]
      },
      "locked": {
        "lastModified": 1773264488,
        "narHash": "sha256-rK0507bDuWBrZo+0zts9bCs/+RRUEHuvFE5DHWPxX/Q=",
        "owner": "nix-community",
        "repo": "home-manager",
        "rev": "5c0f63f8d55040a7eed69df7e3fcdd15dfb5a04c",
        "type": "github"
      },
      "original": {
        "owner": "nix-community",
        "ref": "release-25.11",
        "repo": "home-manager",
        "type": "github"
      }
    },
    "import-tree": {
      "locked": {
        "lastModified": 1772999353,
        "narHash": "sha256-dPb0WxUhFaz6wuR3B6ysqFJpsu8txKDPZvS47AT2XLI=",
        "owner": "vic",
        "repo": "import-tree",
        "rev": "545a4df146fce44d155573e47f5a777985acf912",
        "type": "github"
      },
      "original": {
        "owner": "vic",
        "repo": "import-tree",
        "type": "github"
      }
    },
    "neovim": {
      "inputs": {
        "nixCats": "nixCats",
        "nixpkgs": [
          "nixpkgs"
        ]
      },
      "locked": {
        "lastModified": 1771862727,
        "narHash": "sha256-42VqmTFqfcPJI+L7V9If4YWopw0sn9LUrWCeg/N+csA=",
        "owner": "matoo-dev",
        "repo": "nixcats-config",
        "rev": "082bc58b70dda5a92db80668d3dff3288cd67c34",
        "type": "github"
      },
      "original": {
        "owner": "matoo-dev",
        "repo": "nixcats-config",
        "type": "github"
      }
    },
    "nixCats": {
      "locked": {
        "lastModified": 1765766809,
        "narHash": "sha256-3Xp41+Sb1zIzASa1Uu1k1RMUoJ9CGyYb0GtvvpRPBqg=",
        "owner": "BirdeeHub",
        "repo": "nixCats-nvim",
        "rev": "fe157e3ed69ed14b55ca81f597eac282caed58a2",
        "type": "github"
      },
      "original": {
        "owner": "BirdeeHub",
        "repo": "nixCats-nvim",
        "type": "github"
      }
    },
    "nixpkgs": {
      "locked": {
        "lastModified": 1764521362,
        "narHash": "sha256-M101xMtWdF1eSD0xhiR8nG8CXRlHmv6V+VoY65Smwf4=",
        "owner": "nixos",
        "repo": "nixpkgs",
        "rev": "871b9fd269ff6246794583ce4ee1031e1da71895",
        "type": "github"
      },
      "original": {
        "owner": "nixos",
        "ref": "25.11",
        "repo": "nixpkgs",
        "type": "github"
      }
    },
    "nixpkgs-lib": {
      "locked": {
        "lastModified": 1772328832,
        "narHash": "sha256-e+/T/pmEkLP6BHhYjx6GmwP5ivonQQn0bJdH9YrRB+Q=",
        "owner": "nix-community",
        "repo": "nixpkgs.lib",
        "rev": "c185c7a5e5dd8f9add5b2f8ebeff00888b070742",
        "type": "github"
      },
      "original": {
        "owner": "nix-community",
        "repo": "nixpkgs.lib",
        "type": "github"
      }
    },
    "nixpkgs-unstable": {
      "locked": {
        "lastModified": 1773476965,
        "narHash": "sha256-Laaj25PvGeoP5SPhMfMGxvWqM6ZjZ6LdUeEhP6b3czY=",
        "owner": "nixos",
        "repo": "nixpkgs",
        "rev": "f82ce7af0b79ac154b12e27ed800aeb97413723c",
        "type": "github"
      },
      "original": {
        "owner": "nixos",
        "ref": "nixpkgs-unstable",
        "repo": "nixpkgs",
        "type": "github"
      }
    },
    "root": {
      "inputs": {
        "den": "den",
        "disko": "disko",
        "flake-aspects": "flake-aspects",
        "flake-parts": "flake-parts",
        "home-manager": "home-manager",
        "import-tree": "import-tree",
        "neovim": "neovim",
        "nixpkgs": "nixpkgs",
        "nixpkgs-unstable": "nixpkgs-unstable"
      }
    }
  },
  "root": "root",
  "version": 7
}
